// !$*UTF8*$!
{
	archiveVersion = 1;
	classes = {
	};
	objectVersion = 56;
	objects = {

/* Begin PBXBuildFile section */
		AF31D3A6298982F4001CA9A8 /* AppDelegate.swift in Sources */ = {isa = PBXBuildFile; fileRef = AF31D3A5298982F4001CA9A8 /* AppDelegate.swift */; };
		AF31D3A8298982F4001CA9A8 /* SceneDelegate.swift in Sources */ = {isa = PBXBuildFile; fileRef = AF31D3A7298982F4001CA9A8 /* SceneDelegate.swift */; };
		AF31D3AA298982F4001CA9A8 /* ViewController.swift in Sources */ = {isa = PBXBuildFile; fileRef = AF31D3A9298982F4001CA9A8 /* ViewController.swift */; };
		AF31D3AD298982F4001CA9A8 /* Main.storyboard in Resources */ = {isa = PBXBuildFile; fileRef = AF31D3AB298982F4001CA9A8 /* Main.storyboard */; };
		AF31D3AF298982F5001CA9A8 /* Assets.xcassets in Resources */ = {isa = PBXBuildFile; fileRef = AF31D3AE298982F5001CA9A8 /* Assets.xcassets */; };
		AF31D3B2298982F5001CA9A8 /* LaunchScreen.storyboard in Resources */ = {isa = PBXBuildFile; fileRef = AF31D3B0298982F5001CA9A8 /* LaunchScreen.storyboard */; };
		AF31D3BB29898448001CA9A8 /* FacebookCore in Frameworks */ = {isa = PBXBuildFile; productRef = AF31D3BA29898448001CA9A8 /* FacebookCore */; };
		AF31D3BD29898448001CA9A8 /* FacebookLogin in Frameworks */ = {isa = PBXBuildFile; productRef = AF31D3BC29898448001CA9A8 /* FacebookLogin */; };
		AF31D3C129898904001CA9A8 /* SocialLoginManager.swift in Sources */ = {isa = PBXBuildFile; fileRef = AF31D3C029898904001CA9A8 /* SocialLoginManager.swift */; };
/* End PBXBuildFile section */

/* Begin PBXFileReference section */
		AF31D3A2298982F4001CA9A8 /* Social Login.app */ = {isa = PBXFileReference; explicitFileType = wrapper.application; includeInIndex = 0; path = "Social Login.app"; sourceTree = BUILT_PRODUCTS_DIR; };
		AF31D3A5298982F4001CA9A8 /* AppDelegate.swift */ = {isa = PBXFileReference; lastKnownFileType = sourcecode.swift; path = AppDelegate.swift; sourceTree = "<group>"; };
		AF31D3A7298982F4001CA9A8 /* SceneDelegate.swift */ = {isa = PBXFileReference; lastKnownFileType = sourcecode.swift; path = SceneDelegate.swift; sourceTree = "<group>"; };
		AF31D3A9298982F4001CA9A8 /* ViewController.swift */ = {isa = PBXFileReference; lastKnownFileType = sourcecode.swift; path = ViewController.swift; sourceTree = "<group>"; };
		AF31D3AC298982F4001CA9A8 /* Base */ = {isa = PBXFileReference; lastKnownFileType = file.storyboard; name = Base; path = Base.lproj/Main.storyboard; sourceTree = "<group>"; };
		AF31D3AE298982F5001CA9A8 /* Assets.xcassets */ = {isa = PBXFileReference; lastKnownFileType = folder.assetcatalog; path = Assets.xcassets; sourceTree = "<group>"; };
		AF31D3B1298982F5001CA9A8 /* Base */ = {isa = PBXFileReference; lastKnownFileType = file.storyboard; name = Base; path = Base.lproj/LaunchScreen.storyboard; sourceTree = "<group>"; };
		AF31D3B3298982F5001CA9A8 /* Info.plist */ = {isa = PBXFileReference; lastKnownFileType = text.plist.xml; path = Info.plist; sourceTree = "<group>"; };
		AF31D3BE29898673001CA9A8 /* Social Login.entitlements */ = {isa = PBXFileReference; lastKnownFileType = text.plist.entitlements; path = "Social Login.entitlements"; sourceTree = "<group>"; };
		AF31D3C029898904001CA9A8 /* SocialLoginManager.swift */ = {isa = PBXFileReference; lastKnownFileType = sourcecode.swift; path = SocialLoginManager.swift; sourceTree = "<group>"; };
/* End PBXFileReference section */

/* Begin PBXFrameworksBuildPhase section */
		AF31D39F298982F4001CA9A8 /* Frameworks */ = {
			isa = PBXFrameworksBuildPhase;
			buildActionMask = 2147483647;
			files = (
				AF31D3BD29898448001CA9A8 /* FacebookLogin in Frameworks */,
				AF31D3BB29898448001CA9A8 /* FacebookCore in Frameworks */,
			);
			runOnlyForDeploymentPostprocessing = 0;
		};
/* End PBXFrameworksBuildPhase section */

/* Begin PBXGroup section */
		AF31D399298982F4001CA9A8 = {
			isa = PBXGroup;
			children = (
				AF31D3A4298982F4001CA9A8 /* Social Login */,
				AF31D3A3298982F4001CA9A8 /* Products */,
			);
			sourceTree = "<group>";
		};
		AF31D3A3298982F4001CA9A8 /* Products */ = {
			isa = PBXGroup;
			children = (
				AF31D3A2298982F4001CA9A8 /* Social Login.app */,
			);
			name = Products;
			sourceTree = "<group>";
		};
		AF31D3A4298982F4001CA9A8 /* Social Login */ = {
			isa = PBXGroup;
			children = (
				AF31D3BF298988F0001CA9A8 /* Manager */,
				AF31D3BE29898673001CA9A8 /* Social Login.entitlements */,
				AF31D3A5298982F4001CA9A8 /* AppDelegate.swift */,
				AF31D3A7298982F4001CA9A8 /* SceneDelegate.swift */,
				AF31D3A9298982F4001CA9A8 /* ViewController.swift */,
				AF31D3AB298982F4001CA9A8 /* Main.storyboard */,
				AF31D3AE298982F5001CA9A8 /* Assets.xcassets */,
				AF31D3B0298982F5001CA9A8 /* LaunchScreen.storyboard */,
				AF31D3B3298982F5001CA9A8 /* Info.plist */,
			);
			path = "Social Login";
			sourceTree = "<group>";
		};
		AF31D3BF298988F0001CA9A8 /* Manager */ = {
			isa = PBXGroup;
			children = (
				AF31D3C029898904001CA9A8 /* SocialLoginManager.swift */,
			);
			path = Manager;
			sourceTree = "<group>";
		};
/* End PBXGroup section */

/* Begin PBXNativeTarget section */
		AF31D3A1298982F4001CA9A8 /* Social Login */ = {
			isa = PBXNativeTarget;
			buildConfigurationList = AF31D3B6298982F5001CA9A8 /* Build configuration list for PBXNativeTarget "Social Login" */;
			buildPhases = (
				AF31D39E298982F4001CA9A8 /* Sources */,
				AF31D39F298982F4001CA9A8 /* Frameworks */,
				AF31D3A0298982F4001CA9A8 /* Resources */,
			);
			buildRules = (
			);
			dependencies = (
			);
			name = "Social Login";
			packageProductDependencies = (
				AF31D3BA29898448001CA9A8 /* FacebookCore */,
				AF31D3BC29898448001CA9A8 /* FacebookLogin */,
			);
			productName = "Social Login";
			productReference = AF31D3A2298982F4001CA9A8 /* Social Login.app */;
			productType = "com.apple.product-type.application";
		};
/* End PBXNativeTarget section */

/* Begin PBXProject section */
		AF31D39A298982F4001CA9A8 /* Project object */ = {
			isa = PBXProject;
			attributes = {
				BuildIndependentTargetsInParallel = 1;
				LastSwiftUpdateCheck = 1410;
				LastUpgradeCheck = 1410;
				TargetAttributes = {
					AF31D3A1298982F4001CA9A8 = {
						CreatedOnToolsVersion = 14.1;
					};
				};
			};
			buildConfigurationList = AF31D39D298982F4001CA9A8 /* Build configuration list for PBXProject "Social Login" */;
			compatibilityVersion = "Xcode 14.0";
			developmentRegion = en;
			hasScannedForEncodings = 0;
			knownRegions = (
				en,
				Base,
			);
			mainGroup = AF31D399298982F4001CA9A8;
			packageReferences = (
				AF31D3B929898448001CA9A8 /* XCRemoteSwiftPackageReference "facebook-ios-sdk" */,
			);
			productRefGroup = AF31D3A3298982F4001CA9A8 /* Products */;
			projectDirPath = "";
			projectRoot = "";
			targets = (
				AF31D3A1298982F4001CA9A8 /* Social Login */,
			);
		};
/* End PBXProject section */

/* Begin PBXResourcesBuildPhase section */
		AF31D3A0298982F4001CA9A8 /* Resources */ = {
			isa = PBXResourcesBuildPhase;
			buildActionMask = 2147483647;
			files = (
				AF31D3B2298982F5001CA9A8 /* LaunchScreen.storyboard in Resources */,
				AF31D3AF298982F5001CA9A8 /* Assets.xcassets in Resources */,
				AF31D3AD298982F4001CA9A8 /* Main.storyboard in Resources */,
			);
			runOnlyForDeploymentPostprocessing = 0;
		};
/* End PBXResourcesBuildPhase section */

/* Begin PBXSourcesBuildPhase section */
		AF31D39E298982F4001CA9A8 /* Sources */ = {
			isa = PBXSourcesBuildPhase;
			buildActionMask = 2147483647;
			files = (
				AF31D3AA298982F4001CA9A8 /* ViewController.swift in Sources */,
				AF31D3A6298982F4001CA9A8 /* AppDelegate.swift in Sources */,
				AF31D3C129898904001CA9A8 /* SocialLoginManager.swift in Sources */,
				AF31D3A8298982F4001CA9A8 /* SceneDelegate.swift in Sources */,
			);
			runOnlyForDeploymentPostprocessing = 0;
		};
/* End PBXSourcesBuildPhase section */

/* Begin PBXVariantGroup section */
		AF31D3AB298982F4001CA9A8 /* Main.storyboard */ = {
			isa = PBXVariantGroup;
			children = (
				AF31D3AC298982F4001CA9A8 /* Base */,
			);
			name = Main.storyboard;
			sourceTree = "<group>";
		};
		AF31D3B0298982F5001CA9A8 /* LaunchScreen.storyboard */ = {
			isa = PBXVariantGroup;
			children = (
				AF31D3B1298982F5001CA9A8 /* Base */,
			);
			name = LaunchScreen.storyboard;
			sourceTree = "<group>";
		};
/* End PBXVariantGroup section */

/* Begin XCBuildConfiguration section */
		AF31D3B4298982F5001CA9A8 /* Debug */ = {
			isa = XCBuildConfiguration;
			buildSettings = {
				ALWAYS_SEARCH_USER_PATHS = NO;
				CLANG_ANALYZER_NONNULL = YES;
				CLANG_ANALYZER_NUMBER_OBJECT_CONVERSION = YES_AGGRESSIVE;
				CLANG_CXX_LANGUAGE_STANDARD = "gnu++20";
				CLANG_ENABLE_MODULES = YES;
				CLANG_ENABLE_OBJC_ARC = YES;
				CLANG_ENABLE_OBJC_WEAK = YES;
				CLANG_WARN_BLOCK_CAPTURE_AUTORELEASING = YES;
				CLANG_WARN_BOOL_CONVERSION = YES;
				CLANG_WARN_COMMA = YES;
				CLANG_WARN_CONSTANT_CONVERSION = YES;
				CLANG_WARN_DEPRECATED_OBJC_IMPLEMENTATIONS = YES;
				CLANG_WARN_DIRECT_OBJC_ISA_USAGE = YES_ERROR;
				CLANG_WARN_DOCUMENTATION_COMMENTS = YES;
				CLANG_WARN_EMPTY_BODY = YES;
				CLANG_WARN_ENUM_CONVERSION = YES;
				CLANG_WARN_INFINITE_RECURSION = YES;
				CLANG_WARN_INT_CONVERSION = YES;
				CLANG_WARN_NON_LITERAL_NULL_CONVERSION = YES;
				CLANG_WARN_OBJC_IMPLICIT_RETAIN_SELF = YES;
				CLANG_WARN_OBJC_LITERAL_CONVERSION = YES;
				CLANG_WARN_OBJC_ROOT_CLASS = YES_ERROR;
				CLANG_WARN_QUOTED_INCLUDE_IN_FRAMEWORK_HEADER = YES;
				CLANG_WARN_RANGE_LOOP_ANALYSIS = YES;
				CLANG_WARN_STRICT_PROTOTYPES = YES;
				CLANG_WARN_SUSPICIOUS_MOVE = YES;
				CLANG_WARN_UNGUARDED_AVAILABILITY = YES_AGGRESSIVE;
				CLANG_WARN_UNREACHABLE_CODE = YES;
				CLANG_WARN__DUPLICATE_METHOD_MATCH = YES;
				COPY_PHASE_STRIP = NO;
				DEBUG_INFORMATION_FORMAT = dwarf;
				ENABLE_STRICT_OBJC_MSGSEND = YES;
				ENABLE_TESTABILITY = YES;
				GCC_C_LANGUAGE_STANDARD = gnu11;
				GCC_DYNAMIC_NO_PIC = NO;
				GCC_NO_COMMON_BLOCKS = YES;
				GCC_OPTIMIZATION_LEVEL = 0;
				GCC_PREPROCESSOR_DEFINITIONS = (
					"DEBUG=1",
					"$(inherited)",
				);
				GCC_WARN_64_TO_32_BIT_CONVERSION = YES;
				GCC_WARN_ABOUT_RETURN_TYPE = YES_ERROR;
				GCC_WARN_UNDECLARED_SELECTOR = YES;
				GCC_WARN_UNINITIALIZED_AUTOS = YES_AGGRESSIVE;
				GCC_WARN_UNUSED_FUNCTION = YES;
				GCC_WARN_UNUSED_VARIABLE = YES;
				IPHONEOS_DEPLOYMENT_TARGET = 16.1;
				MTL_ENABLE_DEBUG_INFO = INCLUDE_SOURCE;
				MTL_FAST_MATH = YES;
				ONLY_ACTIVE_ARCH = YES;
				SDKROOT = iphoneos;
				SWIFT_ACTIVE_COMPILATION_CONDITIONS = DEBUG;
				SWIFT_OPTIMIZATION_LEVEL = "-Onone";
			};
			name = Debug;
		};
		AF31D3B5298982F5001CA9A8 /* Release */ = {
			isa = XCBuildConfiguration;
			buildSettings = {
				ALWAYS_SEARCH_USER_PATHS = NO;
				CLANG_ANALYZER_NONNULL = YES;
				CLANG_ANALYZER_NUMBER_OBJECT_CONVERSION = YES_AGGRESSIVE;
				CLANG_CXX_LANGUAGE_STANDARD = "gnu++20";
				CLANG_ENABLE_MODULES = YES;
				CLANG_ENABLE_OBJC_ARC = YES;
				CLANG_ENABLE_OBJC_WEAK = YES;
				CLANG_WARN_BLOCK_CAPTURE_AUTORELEASING = YES;
				CLANG_WARN_BOOL_CONVERSION = YES;
				CLANG_WARN_COMMA = YES;
				CLANG_WARN_CONSTANT_CONVERSION = YES;
				CLANG_WARN_DEPRECATED_OBJC_IMPLEMENTATIONS = YES;
				CLANG_WARN_DIRECT_OBJC_ISA_USAGE = YES_ERROR;
				CLANG_WARN_DOCUMENTATION_COMMENTS = YES;
				CLANG_WARN_EMPTY_BODY = YES;
				CLANG_WARN_ENUM_CONVERSION = YES;
				CLANG_WARN_INFINITE_RECURSION = YES;
				CLANG_WARN_INT_CONVERSION = YES;
				CLANG_WARN_NON_LITERAL_NULL_CONVERSION = YES;
				CLANG_WARN_OBJC_IMPLICIT_RETAIN_SELF = YES;
				CLANG_WARN_OBJC_LITERAL_CONVERSION = YES;
				CLANG_WARN_OBJC_ROOT_CLASS = YES_ERROR;
				CLANG_WARN_QUOTED_INCLUDE_IN_FRAMEWORK_HEADER = YES;
				CLANG_WARN_RANGE_LOOP_ANALYSIS = YES;
				CLANG_WARN_STRICT_PROTOTYPES = YES;
				CLANG_WARN_SUSPICIOUS_MOVE = YES;
				CLANG_WARN_UNGUARDED_AVAILABILITY = YES_AGGRESSIVE;
				CLANG_WARN_UNREACHABLE_CODE = YES;
				CLANG_WARN__DUPLICATE_METHOD_MATCH = YES;
				COPY_PHASE_STRIP = NO;
				DEBUG_INFORMATION_FORMAT = "dwarf-with-dsym";
				ENABLE_NS_ASSERTIONS = NO;
				ENABLE_STRICT_OBJC_MSGSEND = YES;
				GCC_C_LANGUAGE_STANDARD = gnu11;
				GCC_NO_COMMON_BLOCKS = YES;
				GCC_WARN_64_TO_32_BIT_CONVERSION = YES;
				GCC_WARN_ABOUT_RETURN_TYPE = YES_ERROR;
				GCC_WARN_UNDECLARED_SELECTOR = YES;
				GCC_WARN_UNINITIALIZED_AUTOS = YES_AGGRESSIVE;
				GCC_WARN_UNUSED_FUNCTION = YES;
				GCC_WARN_UNUSED_VARIABLE = YES;
				IPHONEOS_DEPLOYMENT_TARGET = 16.1;
				MTL_ENABLE_DEBUG_INFO = NO;
				MTL_FAST_MATH = YES;
				SDKROOT = iphoneos;
				SWIFT_COMPILATION_MODE = wholemodule;
				SWIFT_OPTIMIZATION_LEVEL = "-O";
				VALIDATE_PRODUCT = YES;
			};
			name = Release;
		};
		AF31D3B7298982F5001CA9A8 /* Debug */ = {
			isa = XCBuildConfiguration;
			buildSettings = {
				ASSETCATALOG_COMPILER_APPICON_NAME = AppIcon;
				ASSETCATALOG_COMPILER_GLOBAL_ACCENT_COLOR_NAME = AccentColor;
				CODE_SIGN_ENTITLEMENTS = "Social Login/Social Login.entitlements";
				CODE_SIGN_STYLE = Automatic;
				CURRENT_PROJECT_VERSION = 1;
				DEVELOPMENT_TEAM = 7LB3AU4D4Q;
				GENERATE_INFOPLIST_FILE = YES;
				INFOPLIST_FILE = "Social Login/Info.plist";
				INFOPLIST_KEY_UIApplicationSupportsIndirectInputEvents = YES;
				INFOPLIST_KEY_UILaunchStoryboardName = LaunchScreen;
				INFOPLIST_KEY_UIMainStoryboardFile = Main;
				INFOPLIST_KEY_UISupportedInterfaceOrientations_iPad = "UIInterfaceOrientationPortrait UIInterfaceOrientationPortraitUpsideDown UIInterfaceOrientationLandscapeLeft UIInterfaceOrientationLandscapeRight";
				INFOPLIST_KEY_UISupportedInterfaceOrientations_iPhone = "UIInterfaceOrientationPortrait UIInterfaceOrientationLandscapeLeft UIInterfaceOrientationLandscapeRight";
				LD_RUNPATH_SEARCH_PATHS = (
					"$(inherited)",
					"@executable_path/Frameworks",
				);
				MARKETING_VERSION = 1.0;
				PRODUCT_BUNDLE_IDENTIFIER = "rahulios.Social-Login";
				PRODUCT_NAME = "$(TARGET_NAME)";
				SWIFT_EMIT_LOC_STRINGS = YES;
				SWIFT_VERSION = 5.0;
				TARGETED_DEVICE_FAMILY = "1,2";
			};
			name = Debug;
		};
		AF31D3B8298982F5001CA9A8 /* Release */ = {
			isa = XCBuildConfiguration;
			buildSettings = {
				ASSETCATALOG_COMPILER_APPICON_NAME = AppIcon;
				ASSETCATALOG_COMPILER_GLOBAL_ACCENT_COLOR_NAME = AccentColor;
				CODE_SIGN_ENTITLEMENTS = "Social Login/Social Login.entitlements";
				CODE_SIGN_STYLE = Automatic;
				CURRENT_PROJECT_VERSION = 1;
				DEVELOPMENT_TEAM = 7LB3AU4D4Q;
				GENERATE_INFOPLIST_FILE = YES;
				INFOPLIST_FILE = "Social Login/Info.plist";
				INFOPLIST_KEY_UIApplicationSupportsIndirectInputEvents = YES;
				INFOPLIST_KEY_UILaunchStoryboardName = LaunchScreen;
				INFOPLIST_KEY_UIMainStoryboardFile = Main;
				INFOPLIST_KEY_UISupportedInterfaceOrientations_iPad = "UIInterfaceOrientationPortrait UIInterfaceOrientationPortraitUpsideDown UIInterfaceOrientationLandscapeLeft UIInterfaceOrientationLandscapeRight";
				INFOPLIST_KEY_UISupportedInterfaceOrientations_iPhone = "UIInterfaceOrientationPortrait UIInterfaceOrientationLandscapeLeft UIInterfaceOrientationLandscapeRight";
				LD_RUNPATH_SEARCH_PATHS = (
					"$(inherited)",
					"@executable_path/Frameworks",
				);
				MARKETING_VERSION = 1.0;
				PRODUCT_BUNDLE_IDENTIFIER = "rahulios.Social-Login";
				PRODUCT_NAME = "$(TARGET_NAME)";
				SWIFT_EMIT_LOC_STRINGS = YES;
				SWIFT_VERSION = 5.0;
				TARGETED_DEVICE_FAMILY = "1,2";
			};
			name = Release;
		};
/* End XCBuildConfiguration section */

/* Begin XCConfigurationList section */
		AF31D39D298982F4001CA9A8 /* Build configuration list for PBXProject "Social Login" */ = {
			isa = XCConfigurationList;
			buildConfigurations = (
				AF31D3B4298982F5001CA9A8 /* Debug */,
				AF31D3B5298982F5001CA9A8 /* Release */,
			);
			defaultConfigurationIsVisible = 0;
			defaultConfigurationName = Release;
		};
		AF31D3B6298982F5001CA9A8 /* Build configuration list for PBXNativeTarget "Social Login" */ = {
			isa = XCConfigurationList;
			buildConfigurations = (
				AF31D3B7298982F5001CA9A8 /* Debug */,
				AF31D3B8298982F5001CA9A8 /* Release */,
			);
			defaultConfigurationIsVisible = 0;
			defaultConfigurationName = Release;
		};
/* End XCConfigurationList section */

/* Begin XCRemoteSwiftPackageReference section */
		AF31D3B929898448001CA9A8 /* XCRemoteSwiftPackageReference "facebook-ios-sdk" */ = {
			isa = XCRemoteSwiftPackageReference;
			repositoryURL = "https://github.com/facebook/facebook-ios-sdk";
			requirement = {
				kind = upToNextMajorVersion;
				minimumVersion = 9.0.0;
			};
		};
/* End XCRemoteSwiftPackageReference section */

/* Begin XCSwiftPackageProductDependency section */
		AF31D3BA29898448001CA9A8 /* FacebookCore */ = {
			isa = XCSwiftPackageProductDependency;
			package = AF31D3B929898448001CA9A8 /* XCRemoteSwiftPackageReference "facebook-ios-sdk" */;
			productName = FacebookCore;
		};
		AF31D3BC29898448001CA9A8 /* FacebookLogin */ = {
			isa = XCSwiftPackageProductDependency;
			package = AF31D3B929898448001CA9A8 /* XCRemoteSwiftPackageReference "facebook-ios-sdk" */;
			productName = FacebookLogin;
		};
/* End XCSwiftPackageProductDependency section */
	};
	rootObject = AF31D39A298982F4001CA9A8 /* Project object */;
}
